
Microsoft Visual Studio Solution File, Format Version 12.00
# Visual Studio Version 17
VisualStudioVersion = 17.7.34221.43
MinimumVisualStudioVersion = 10.0.40219.1
Project("{FAE04EC0-301F-11D3-BF4B-00C04F79EFBC}") = "MvcSignalR", "MvcSignalR\MvcSignalR.csproj", "{7D056E5D-58CE-4790-A9DF-088D5711EC4C}"
EndProject
Global
	GlobalSection(SolutionConfigurationPlatforms) = preSolution
		Debug|Any CPU = Debug|Any CPU
		Release|Any CPU = Release|Any CPU
	EndGlobalSection
	GlobalSection(ProjectConfigurationPlatforms) = postSolution
		{7D056E5D-58CE-4790-A9DF-088D5711EC4C}.Debug|Any CPU.ActiveCfg = Debug|Any CPU
		{7D056E5D-58CE-4790-A9DF-088D5711EC4C}.Debug|Any CPU.Build.0 = Debug|Any CPU
		{7D056E5D-58CE-4790-A9DF-088D5711EC4C}.Release|Any CPU.ActiveCfg = Release|Any CPU
		{7D056E5D-58CE-4790-A9DF-088D5711EC4C}.Release|Any CPU.Build.0 = Release|Any CPU
	EndGlobalSection
	GlobalSection(SolutionProperties) = preSolution
		HideSolutionNode = FALSE
	EndGlobalSection
	GlobalSection(ExtensibilityGlobals) = postSolution
		SolutionGuid = {0088A110-18A4-44D6-80C3-D49B4757E746}
	EndGlobalSection
EndGlobal
